
Microsoft Visual Studio Solution File, Format Version 12.00
# Visual Studio Version 16
Project("{2150E333-8FDC-42A3-9474-1A3956D46DE8}") = "CMake", "CMake", "{02EA205D-D1FE-3836-9440-B9DCC1A2D30E}"
EndProject
Project("{2150E333-8FDC-42A3-9474-1A3956D46DE8}") = "SFML", "SFML", "{7AA139BF-1E86-3D50-B5E5-0475333214D4}"
EndProject
Project("{8BC9CEB8-8B4A-11D0-8D11-00A0C91BC942}") = "ALL_BUILD", "ALL_BUILD.vcxproj", "{E727F60D-A77F-3493-8555-BE4A623128E4}"
	ProjectSection(ProjectDependencies) = postProject
		{981EACCA-5675-3E0B-B3DD-BBFE424BF309} = {981EACCA-5675-3E0B-B3DD-BBFE424BF309}
		{A12A25B6-1C89-3B69-A32F-A20CFE74AE77} = {A12A25B6-1C89-3B69-A32F-A20CFE74AE77}
		{6178BB1E-1E84-3242-A920-17E6F6BC2F33} = {6178BB1E-1E84-3242-A920-17E6F6BC2F33}
		{60A65314-4E0B-3FC2-ABDC-3F5F5348D496} = {60A65314-4E0B-3FC2-ABDC-3F5F5348D496}
		{1D9D4741-6CFF-3A9F-AC18-10F2EA461702} = {1D9D4741-6CFF-3A9F-AC18-10F2EA461702}
		{B67DAB0F-41C5-3453-ADE2-706D6C4DD86D} = {B67DAB0F-41C5-3453-ADE2-706D6C4DD86D}
		{7B6A8D48-47DD-3822-A34F-C8E7A6816BE3} = {7B6A8D48-47DD-3822-A34F-C8E7A6816BE3}
	EndProjectSection
EndProject
Project("{8BC9CEB8-8B4A-11D0-8D11-00A0C91BC942}") = "INSTALL", "INSTALL.vcxproj", "{9CCAD5EF-B69F-30FA-B2CD-A3AB057A3CF8}"
	ProjectSection(ProjectDependencies) = postProject
		{E727F60D-A77F-3493-8555-BE4A623128E4} = {E727F60D-A77F-3493-8555-BE4A623128E4}
		{981EACCA-5675-3E0B-B3DD-BBFE424BF309} = {981EACCA-5675-3E0B-B3DD-BBFE424BF309}
	EndProjectSection
EndProject
Project("{8BC9CEB8-8B4A-11D0-8D11-00A0C91BC942}") = "ZERO_CHECK", "..\..\\ZERO_CHECK.vcxproj", "{981EACCA-5675-3E0B-B3DD-BBFE424BF309}"
	ProjectSection(ProjectDependencies) = postProject
	EndProjectSection
EndProject
Project("{8BC9CEB8-8B4A-11D0-8D11-00A0C91BC942}") = "sfml-audio", "src\SFML\Audio\sfml-audio.vcxproj", "{A12A25B6-1C89-3B69-A32F-A20CFE74AE77}"
	ProjectSection(ProjectDependencies) = postProject
		{981EACCA-5675-3E0B-B3DD-BBFE424BF309} = {981EACCA-5675-3E0B-B3DD-BBFE424BF309}
		{B67DAB0F-41C5-3453-ADE2-706D6C4DD86D} = {B67DAB0F-41C5-3453-ADE2-706D6C4DD86D}
	EndProjectSection
EndProject
Project("{8BC9CEB8-8B4A-11D0-8D11-00A0C91BC942}") = "sfml-graphics", "src\SFML\Graphics\sfml-graphics.vcxproj", "{6178BB1E-1E84-3242-A920-17E6F6BC2F33}"
	ProjectSection(ProjectDependencies) = postProject
		{981EACCA-5675-3E0B-B3DD-BBFE424BF309} = {981EACCA-5675-3E0B-B3DD-BBFE424BF309}
		{B67DAB0F-41C5-3453-ADE2-706D6C4DD86D} = {B67DAB0F-41C5-3453-ADE2-706D6C4DD86D}
		{7B6A8D48-47DD-3822-A34F-C8E7A6816BE3} = {7B6A8D48-47DD-3822-A34F-C8E7A6816BE3}
	EndProjectSection
EndProject
Project("{8BC9CEB8-8B4A-11D0-8D11-00A0C91BC942}") = "sfml-main", "src\SFML\Main\sfml-main.vcxproj", "{60A65314-4E0B-3FC2-ABDC-3F5F5348D496}"
	ProjectSection(ProjectDependencies) = postProject
		{981EACCA-5675-3E0B-B3DD-BBFE424BF309} = {981EACCA-5675-3E0B-B3DD-BBFE424BF309}
	EndProjectSection
EndProject
Project("{8BC9CEB8-8B4A-11D0-8D11-00A0C91BC942}") = "sfml-network", "src\SFML\Network\sfml-network.vcxproj", "{1D9D4741-6CFF-3A9F-AC18-10F2EA461702}"
	ProjectSection(ProjectDependencies) = postProject
		{981EACCA-5675-3E0B-B3DD-BBFE424BF309} = {981EACCA-5675-3E0B-B3DD-BBFE424BF309}
		{B67DAB0F-41C5-3453-ADE2-706D6C4DD86D} = {B67DAB0F-41C5-3453-ADE2-706D6C4DD86D}
	EndProjectSection
EndProject
Project("{8BC9CEB8-8B4A-11D0-8D11-00A0C91BC942}") = "sfml-system", "src\SFML\System\sfml-system.vcxproj", "{B67DAB0F-41C5-3453-ADE2-706D6C4DD86D}"
	ProjectSection(ProjectDependencies) = postProject
		{981EACCA-5675-3E0B-B3DD-BBFE424BF309} = {981EACCA-5675-3E0B-B3DD-BBFE424BF309}
	EndProjectSection
EndProject
Project("{8BC9CEB8-8B4A-11D0-8D11-00A0C91BC942}") = "sfml-window", "src\SFML\Window\sfml-window.vcxproj", "{7B6A8D48-47DD-3822-A34F-C8E7A6816BE3}"
	ProjectSection(ProjectDependencies) = postProject
		{981EACCA-5675-3E0B-B3DD-BBFE424BF309} = {981EACCA-5675-3E0B-B3DD-BBFE424BF309}
		{B67DAB0F-41C5-3453-ADE2-706D6C4DD86D} = {B67DAB0F-41C5-3453-ADE2-706D6C4DD86D}
	EndProjectSection
EndProject
Global
	GlobalSection(SolutionConfigurationPlatforms) = preSolution
		Debug|Win32 = Debug|Win32
		Release|Win32 = Release|Win32
		MinSizeRel|Win32 = MinSizeRel|Win32
		RelWithDebInfo|Win32 = RelWithDebInfo|Win32
	EndGlobalSection
	GlobalSection(ProjectConfigurationPlatforms) = postSolution
		{E727F60D-A77F-3493-8555-BE4A623128E4}.Debug|Win32.ActiveCfg = Debug|Win32
		{E727F60D-A77F-3493-8555-BE4A623128E4}.Debug|Win32.Build.0 = Debug|Win32
		{E727F60D-A77F-3493-8555-BE4A623128E4}.Release|Win32.ActiveCfg = Release|Win32
		{E727F60D-A77F-3493-8555-BE4A623128E4}.Release|Win32.Build.0 = Release|Win32
		{E727F60D-A77F-3493-8555-BE4A623128E4}.MinSizeRel|Win32.ActiveCfg = MinSizeRel|Win32
		{E727F60D-A77F-3493-8555-BE4A623128E4}.MinSizeRel|Win32.Build.0 = MinSizeRel|Win32
		{E727F60D-A77F-3493-8555-BE4A623128E4}.RelWithDebInfo|Win32.ActiveCfg = RelWithDebInfo|Win32
		{E727F60D-A77F-3493-8555-BE4A623128E4}.RelWithDebInfo|Win32.Build.0 = RelWithDebInfo|Win32
		{9CCAD5EF-B69F-30FA-B2CD-A3AB057A3CF8}.Debug|Win32.ActiveCfg = Debug|Win32
		{9CCAD5EF-B69F-30FA-B2CD-A3AB057A3CF8}.Release|Win32.ActiveCfg = Release|Win32
		{9CCAD5EF-B69F-30FA-B2CD-A3AB057A3CF8}.MinSizeRel|Win32.ActiveCfg = MinSizeRel|Win32
		{9CCAD5EF-B69F-30FA-B2CD-A3AB057A3CF8}.RelWithDebInfo|Win32.ActiveCfg = RelWithDebInfo|Win32
		{981EACCA-5675-3E0B-B3DD-BBFE424BF309}.Debug|Win32.ActiveCfg = Debug|Win32
		{981EACCA-5675-3E0B-B3DD-BBFE424BF309}.Debug|Win32.Build.0 = Debug|Win32
		{981EACCA-5675-3E0B-B3DD-BBFE424BF309}.Release|Win32.ActiveCfg = Release|Win32
		{981EACCA-5675-3E0B-B3DD-BBFE424BF309}.Release|Win32.Build.0 = Release|Win32
		{981EACCA-5675-3E0B-B3DD-BBFE424BF309}.MinSizeRel|Win32.ActiveCfg = MinSizeRel|Win32
		{981EACCA-5675-3E0B-B3DD-BBFE424BF309}.MinSizeRel|Win32.Build.0 = MinSizeRel|Win32
		{981EACCA-5675-3E0B-B3DD-BBFE424BF309}.RelWithDebInfo|Win32.ActiveCfg = RelWithDebInfo|Win32
		{981EACCA-5675-3E0B-B3DD-BBFE424BF309}.RelWithDebInfo|Win32.Build.0 = RelWithDebInfo|Win32
		{A12A25B6-1C89-3B69-A32F-A20CFE74AE77}.Debug|Win32.ActiveCfg = Debug|Win32
		{A12A25B6-1C89-3B69-A32F-A20CFE74AE77}.Debug|Win32.Build.0 = Debug|Win32
		{A12A25B6-1C89-3B69-A32F-A20CFE74AE77}.Release|Win32.ActiveCfg = Release|Win32
		{A12A25B6-1C89-3B69-A32F-A20CFE74AE77}.Release|Win32.Build.0 = Release|Win32
		{A12A25B6-1C89-3B69-A32F-A20CFE74AE77}.MinSizeRel|Win32.ActiveCfg = MinSizeRel|Win32
		{A12A25B6-1C89-3B69-A32F-A20CFE74AE77}.MinSizeRel|Win32.Build.0 = MinSizeRel|Win32
		{A12A25B6-1C89-3B69-A32F-A20CFE74AE77}.RelWithDebInfo|Win32.ActiveCfg = RelWithDebInfo|Win32
		{A12A25B6-1C89-3B69-A32F-A20CFE74AE77}.RelWithDebInfo|Win32.Build.0 = RelWithDebInfo|Win32
		{6178BB1E-1E84-3242-A920-17E6F6BC2F33}.Debug|Win32.ActiveCfg = Debug|Win32
		{6178BB1E-1E84-3242-A920-17E6F6BC2F33}.Debug|Win32.Build.0 = Debug|Win32
		{6178BB1E-1E84-3242-A920-17E6F6BC2F33}.Release|Win32.ActiveCfg = Release|Win32
		{6178BB1E-1E84-3242-A920-17E6F6BC2F33}.Release|Win32.Build.0 = Release|Win32
		{6178BB1E-1E84-3242-A920-17E6F6BC2F33}.MinSizeRel|Win32.ActiveCfg = MinSizeRel|Win32
		{6178BB1E-1E84-3242-A920-17E6F6BC2F33}.MinSizeRel|Win32.Build.0 = MinSizeRel|Win32
		{6178BB1E-1E84-3242-A920-17E6F6BC2F33}.RelWithDebInfo|Win32.ActiveCfg = RelWithDebInfo|Win32
		{6178BB1E-1E84-3242-A920-17E6F6BC2F33}.RelWithDebInfo|Win32.Build.0 = RelWithDebInfo|Win32
		{60A65314-4E0B-3FC2-ABDC-3F5F5348D496}.Debug|Win32.ActiveCfg = Debug|Win32
		{60A65314-4E0B-3FC2-ABDC-3F5F5348D496}.Debug|Win32.Build.0 = Debug|Win32
		{60A65314-4E0B-3FC2-ABDC-3F5F5348D496}.Release|Win32.ActiveCfg = Release|Win32
		{60A65314-4E0B-3FC2-ABDC-3F5F5348D496}.Release|Win32.Build.0 = Release|Win32
		{60A65314-4E0B-3FC2-ABDC-3F5F5348D496}.MinSizeRel|Win32.ActiveCfg = MinSizeRel|Win32
		{60A65314-4E0B-3FC2-ABDC-3F5F5348D496}.MinSizeRel|Win32.Build.0 = MinSizeRel|Win32
		{60A65314-4E0B-3FC2-ABDC-3F5F5348D496}.RelWithDebInfo|Win32.ActiveCfg = RelWithDebInfo|Win32
		{60A65314-4E0B-3FC2-ABDC-3F5F5348D496}.RelWithDebInfo|Win32.Build.0 = RelWithDebInfo|Win32
		{1D9D4741-6CFF-3A9F-AC18-10F2EA461702}.Debug|Win32.ActiveCfg = Debug|Win32
		{1D9D4741-6CFF-3A9F-AC18-10F2EA461702}.Debug|Win32.Build.0 = Debug|Win32
		{1D9D4741-6CFF-3A9F-AC18-10F2EA461702}.Release|Win32.ActiveCfg = Release|Win32
		{1D9D4741-6CFF-3A9F-AC18-10F2EA461702}.Release|Win32.Build.0 = Release|Win32
		{1D9D4741-6CFF-3A9F-AC18-10F2EA461702}.MinSizeRel|Win32.ActiveCfg = MinSizeRel|Win32
		{1D9D4741-6CFF-3A9F-AC18-10F2EA461702}.MinSizeRel|Win32.Build.0 = MinSizeRel|Win32
		{1D9D4741-6CFF-3A9F-AC18-10F2EA461702}.RelWithDebInfo|Win32.ActiveCfg = RelWithDebInfo|Win32
		{1D9D4741-6CFF-3A9F-AC18-10F2EA461702}.RelWithDebInfo|Win32.Build.0 = RelWithDebInfo|Win32
		{B67DAB0F-41C5-3453-ADE2-706D6C4DD86D}.Debug|Win32.ActiveCfg = Debug|Win32
		{B67DAB0F-41C5-3453-ADE2-706D6C4DD86D}.Debug|Win32.Build.0 = Debug|Win32
		{B67DAB0F-41C5-3453-ADE2-706D6C4DD86D}.Release|Win32.ActiveCfg = Release|Win32
		{B67DAB0F-41C5-3453-ADE2-706D6C4DD86D}.Release|Win32.Build.0 = Release|Win32
		{B67DAB0F-41C5-3453-ADE2-706D6C4DD86D}.MinSizeRel|Win32.ActiveCfg = MinSizeRel|Win32
		{B67DAB0F-41C5-3453-ADE2-706D6C4DD86D}.MinSizeRel|Win32.Build.0 = MinSizeRel|Win32
		{B67DAB0F-41C5-3453-ADE2-706D6C4DD86D}.RelWithDebInfo|Win32.ActiveCfg = RelWithDebInfo|Win32
		{B67DAB0F-41C5-3453-ADE2-706D6C4DD86D}.RelWithDebInfo|Win32.Build.0 = RelWithDebInfo|Win32
		{7B6A8D48-47DD-3822-A34F-C8E7A6816BE3}.Debug|Win32.ActiveCfg = Debug|Win32
		{7B6A8D48-47DD-3822-A34F-C8E7A6816BE3}.Debug|Win32.Build.0 = Debug|Win32
		{7B6A8D48-47DD-3822-A34F-C8E7A6816BE3}.Release|Win32.ActiveCfg = Release|Win32
		{7B6A8D48-47DD-3822-A34F-C8E7A6816BE3}.Release|Win32.Build.0 = Release|Win32
		{7B6A8D48-47DD-3822-A34F-C8E7A6816BE3}.MinSizeRel|Win32.ActiveCfg = MinSizeRel|Win32
		{7B6A8D48-47DD-3822-A34F-C8E7A6816BE3}.MinSizeRel|Win32.Build.0 = MinSizeRel|Win32
		{7B6A8D48-47DD-3822-A34F-C8E7A6816BE3}.RelWithDebInfo|Win32.ActiveCfg = RelWithDebInfo|Win32
		{7B6A8D48-47DD-3822-A34F-C8E7A6816BE3}.RelWithDebInfo|Win32.Build.0 = RelWithDebInfo|Win32
	EndGlobalSection
	GlobalSection(NestedProjects) = preSolution
		{E727F60D-A77F-3493-8555-BE4A623128E4} = {02EA205D-D1FE-3836-9440-B9DCC1A2D30E}
		{9CCAD5EF-B69F-30FA-B2CD-A3AB057A3CF8} = {02EA205D-D1FE-3836-9440-B9DCC1A2D30E}
		{981EACCA-5675-3E0B-B3DD-BBFE424BF309} = {02EA205D-D1FE-3836-9440-B9DCC1A2D30E}
		{A12A25B6-1C89-3B69-A32F-A20CFE74AE77} = {7AA139BF-1E86-3D50-B5E5-0475333214D4}
		{6178BB1E-1E84-3242-A920-17E6F6BC2F33} = {7AA139BF-1E86-3D50-B5E5-0475333214D4}
		{60A65314-4E0B-3FC2-ABDC-3F5F5348D496} = {7AA139BF-1E86-3D50-B5E5-0475333214D4}
		{1D9D4741-6CFF-3A9F-AC18-10F2EA461702} = {7AA139BF-1E86-3D50-B5E5-0475333214D4}
		{B67DAB0F-41C5-3453-ADE2-706D6C4DD86D} = {7AA139BF-1E86-3D50-B5E5-0475333214D4}
		{7B6A8D48-47DD-3822-A34F-C8E7A6816BE3} = {7AA139BF-1E86-3D50-B5E5-0475333214D4}
	EndGlobalSection
	GlobalSection(ExtensibilityGlobals) = postSolution
		SolutionGuid = {9C2A4E36-E490-3E7F-AD52-75DD9F013188}
	EndGlobalSection
	GlobalSection(ExtensibilityAddIns) = postSolution
	EndGlobalSection
EndGlobal
