<?xml version="1.0" encoding="utf-8"?>
<Project ToolsVersion="16.0" xmlns="http://schemas.microsoft.com/developer/msbuild/2003">
  <ItemGroup>
    <ClCompile Include="C:\Users\Michal\Desktop\Sudoku\Roguelike\Roguelike-Deathmatch\Client RLD\SFML\src\SFML\Main\MainWin32.cpp">
      <Filter>Source Files</Filter>
    </ClCompile>
  </ItemGroup>
  <ItemGroup>
    <CustomBuild Include="C:\Users\Michal\Desktop\Sudoku\Roguelike\Roguelike-Deathmatch\Client RLD\SFML\src\SFML\Main\CMakeLists.txt" />
  </ItemGroup>
  <ItemGroup>
    <Filter Include="Source Files">
      <UniqueIdentifier>{106CCB88-E2DA-3829-844E-1B7435F9CF6D}</UniqueIdentifier>
    </Filter>
  </ItemGroup>
</Project>
