<?xml version="1.0" encoding="utf-8"?>
<Project ToolsVersion="16.0" xmlns="http://schemas.microsoft.com/developer/msbuild/2003">
  <ItemGroup>
    <CustomBuild Include="C:\Users\Michal\Desktop\Sudoku\Roguelike\Roguelike-Deathmatch\bi\CMakeFiles\75c799278faeae0cc3a8af68c48dc506\INSTALL_force.rule">
      <Filter>CMake Rules</Filter>
    </CustomBuild>
  </ItemGroup>
  <ItemGroup>
    <Filter Include="CMake Rules">
      <UniqueIdentifier>{09E15104-09C8-3764-860F-739CCD03EC81}</UniqueIdentifier>
    </Filter>
  </ItemGroup>
</Project>
